
Microsoft Visual Studio Solution File, Format Version 12.00
# Visual Studio 15
VisualStudioVersion = 15.0.28307.106
MinimumVisualStudioVersion = 10.0.40219.1
Project("{8BC9CEB8-8B4A-11D0-8D11-00A0C91BC942}") = "Client", "Client\Client.vcxproj", "{C951FCF5-5408-E8D5-56B4-5E1B7D7BCBD6}"
EndProject
Project("{8BC9CEB8-8B4A-11D0-8D11-00A0C91BC942}") = "Server", "Server\Server.vcxproj", "{1CBA7615-D4B3-4309-ABCA-226F422AA862}"
EndProject
Global
	GlobalSection(SolutionConfigurationPlatforms) = preSolution
		Debug|Win32 = Debug|Win32
		Release|Win32 = Release|Win32
	EndGlobalSection
	GlobalSection(ProjectConfigurationPlatforms) = postSolution
		{C951FCF5-5408-E8D5-56B4-5E1B7D7BCBD6}.Debug|Win32.ActiveCfg = Debug|Win32
		{C951FCF5-5408-E8D5-56B4-5E1B7D7BCBD6}.Debug|Win32.Build.0 = Debug|Win32
		{C951FCF5-5408-E8D5-56B4-5E1B7D7BCBD6}.Release|Win32.ActiveCfg = Release|Win32
		{C951FCF5-5408-E8D5-56B4-5E1B7D7BCBD6}.Release|Win32.Build.0 = Release|Win32
		{1CBA7615-D4B3-4309-ABCA-226F422AA862}.Debug|Win32.ActiveCfg = Debug|Win32
		{1CBA7615-D4B3-4309-ABCA-226F422AA862}.Debug|Win32.Build.0 = Debug|Win32
		{1CBA7615-D4B3-4309-ABCA-226F422AA862}.Release|Win32.ActiveCfg = Release|Win32
		{1CBA7615-D4B3-4309-ABCA-226F422AA862}.Release|Win32.Build.0 = Release|Win32
	EndGlobalSection
	GlobalSection(SolutionProperties) = preSolution
		HideSolutionNode = FALSE
	EndGlobalSection
	GlobalSection(ExtensibilityGlobals) = postSolution
		SolutionGuid = {AAFD2FB4-00D9-45AA-8D0D-D6ACCD52F8DD}
	EndGlobalSection
EndGlobal
